
Microsoft Visual Studio Solution File, Format Version 12.00
# Visual Studio 15
VisualStudioVersion = 15.0.27004.2006
MinimumVisualStudioVersion = 10.0.40219.1
Project("{9A19103F-16F7-4668-BE54-9A1E7A4F7556}") = "DataAccess", "DataAccess\DataAccess.csproj", "{9246BD74-C398-4F8D-A857-04320BA602FC}"
EndProject
Project("{9A19103F-16F7-4668-BE54-9A1E7A4F7556}") = "Service", "Service\Service.csproj", "{C762AE1E-2835-4B7F-BEF1-2B4EB7B71A75}"
EndProject
Project("{9A19103F-16F7-4668-BE54-9A1E7A4F7556}") = "Common", "Common\Common.csproj", "{4B5BD3BA-002C-4AF8-BF7C-359E2616C657}"
EndProject
Project("{9A19103F-16F7-4668-BE54-9A1E7A4F7556}") = "WebUI", "WebUI\WebUI.csproj", "{F98BC41D-FA9A-41ED-869C-FFDDECEAC6A4}"
EndProject
Global
	GlobalSection(SolutionConfigurationPlatforms) = preSolution
		Debug|Any CPU = Debug|Any CPU
		Local|Any CPU = Local|Any CPU
		Release|Any CPU = Release|Any CPU
	EndGlobalSection
	GlobalSection(ProjectConfigurationPlatforms) = postSolution
		{9246BD74-C398-4F8D-A857-04320BA602FC}.Debug|Any CPU.ActiveCfg = Debug|Any CPU
		{9246BD74-C398-4F8D-A857-04320BA602FC}.Debug|Any CPU.Build.0 = Debug|Any CPU
		{9246BD74-C398-4F8D-A857-04320BA602FC}.Local|Any CPU.ActiveCfg = Local|Any CPU
		{9246BD74-C398-4F8D-A857-04320BA602FC}.Local|Any CPU.Build.0 = Local|Any CPU
		{9246BD74-C398-4F8D-A857-04320BA602FC}.Release|Any CPU.ActiveCfg = Release|Any CPU
		{9246BD74-C398-4F8D-A857-04320BA602FC}.Release|Any CPU.Build.0 = Release|Any CPU
		{C762AE1E-2835-4B7F-BEF1-2B4EB7B71A75}.Debug|Any CPU.ActiveCfg = Debug|Any CPU
		{C762AE1E-2835-4B7F-BEF1-2B4EB7B71A75}.Debug|Any CPU.Build.0 = Debug|Any CPU
		{C762AE1E-2835-4B7F-BEF1-2B4EB7B71A75}.Local|Any CPU.ActiveCfg = Local|Any CPU
		{C762AE1E-2835-4B7F-BEF1-2B4EB7B71A75}.Local|Any CPU.Build.0 = Local|Any CPU
		{C762AE1E-2835-4B7F-BEF1-2B4EB7B71A75}.Release|Any CPU.ActiveCfg = Release|Any CPU
		{C762AE1E-2835-4B7F-BEF1-2B4EB7B71A75}.Release|Any CPU.Build.0 = Release|Any CPU
		{4B5BD3BA-002C-4AF8-BF7C-359E2616C657}.Debug|Any CPU.ActiveCfg = Debug|Any CPU
		{4B5BD3BA-002C-4AF8-BF7C-359E2616C657}.Debug|Any CPU.Build.0 = Debug|Any CPU
		{4B5BD3BA-002C-4AF8-BF7C-359E2616C657}.Local|Any CPU.ActiveCfg = Local|Any CPU
		{4B5BD3BA-002C-4AF8-BF7C-359E2616C657}.Local|Any CPU.Build.0 = Local|Any CPU
		{4B5BD3BA-002C-4AF8-BF7C-359E2616C657}.Release|Any CPU.ActiveCfg = Release|Any CPU
		{4B5BD3BA-002C-4AF8-BF7C-359E2616C657}.Release|Any CPU.Build.0 = Release|Any CPU
		{F98BC41D-FA9A-41ED-869C-FFDDECEAC6A4}.Debug|Any CPU.ActiveCfg = Debug|Any CPU
		{F98BC41D-FA9A-41ED-869C-FFDDECEAC6A4}.Debug|Any CPU.Build.0 = Debug|Any CPU
		{F98BC41D-FA9A-41ED-869C-FFDDECEAC6A4}.Local|Any CPU.ActiveCfg = Local|Any CPU
		{F98BC41D-FA9A-41ED-869C-FFDDECEAC6A4}.Local|Any CPU.Build.0 = Local|Any CPU
		{F98BC41D-FA9A-41ED-869C-FFDDECEAC6A4}.Release|Any CPU.ActiveCfg = Release|Any CPU
		{F98BC41D-FA9A-41ED-869C-FFDDECEAC6A4}.Release|Any CPU.Build.0 = Release|Any CPU
	EndGlobalSection
	GlobalSection(SolutionProperties) = preSolution
		HideSolutionNode = FALSE
	EndGlobalSection
	GlobalSection(ExtensibilityGlobals) = postSolution
		SolutionGuid = {A207999E-8E74-4776-B80A-81E20CA86661}
	EndGlobalSection
EndGlobal
